
Microsoft Visual Studio Solution File, Format Version 12.00
# Visual Studio Version 17
VisualStudioVersion = 17.4.33213.308
MinimumVisualStudioVersion = 10.0.40219.1
Project("{FAE04EC0-301F-11D3-BF4B-00C04F79EFBC}") = "dotNETCoreEFCore", "dotNETCoreEFCore\dotNETCoreEFCore.csproj", "{CADBA6B0-98DD-4A5C-829D-3F3033E11624}"
EndProject
Global
	GlobalSection(SolutionConfigurationPlatforms) = preSolution
		Debug|Any CPU = Debug|Any CPU
		Release|Any CPU = Release|Any CPU
	EndGlobalSection
	GlobalSection(ProjectConfigurationPlatforms) = postSolution
		{CADBA6B0-98DD-4A5C-829D-3F3033E11624}.Debug|Any CPU.ActiveCfg = Debug|Any CPU
		{CADBA6B0-98DD-4A5C-829D-3F3033E11624}.Debug|Any CPU.Build.0 = Debug|Any CPU
		{CADBA6B0-98DD-4A5C-829D-3F3033E11624}.Release|Any CPU.ActiveCfg = Release|Any CPU
		{CADBA6B0-98DD-4A5C-829D-3F3033E11624}.Release|Any CPU.Build.0 = Release|Any CPU
	EndGlobalSection
	GlobalSection(SolutionProperties) = preSolution
		HideSolutionNode = FALSE
	EndGlobalSection
	GlobalSection(ExtensibilityGlobals) = postSolution
		SolutionGuid = {74418A4F-0C5A-4FDC-BE10-057494EA0A5D}
	EndGlobalSection
EndGlobal
